{
  "name": "WarframeWeaponAPI",
  "lockfileVersion": 3,
  "requires": true,
  "packages": {
    "": {
      "dependencies": {
        "readline": "^1.3.0",
        "txt-file-to-json": "^3.0.6"
      }
    },
    "node_modules/readline": {
      "version": "1.3.0",
      "resolved": "https://registry.npmjs.org/readline/-/readline-1.3.0.tgz",
      "integrity": "sha512-k2d6ACCkiNYz222Fs/iNze30rRJ1iIicW7JuX/7/cozvih6YCkFZH+J6mAFDVgv0dRBaAyr4jDqC95R2y4IADg=="
    },
    "node_modules/txt-file-to-json": {
      "version": "3.0.6",
      "resolved": "https://registry.npmjs.org/txt-file-to-json/-/txt-file-to-json-3.0.6.tgz",
      "integrity": "sha512-DoMaLb7+UTPVRSO+lrKpI/v/md8ONdH1WMyG2V1A8vcwNH6NRkVUXy+kv2e42eSWQPnZ/e2mDTmPqyP+VFN/2A=="
    }
  }
}
